
Microsoft Visual Studio Solution File, Format Version 12.00
# Visual Studio Version 17
VisualStudioVersion = 17.10.35027.167
MinimumVisualStudioVersion = 10.0.40219.1
Project("{FAE04EC0-301F-11D3-BF4B-00C04F79EFBC}") = "webappmvc", "webappmvc\webappmvc.csproj", "{89978B11-4E4A-4E46-A2C7-1AD46D463901}"
EndProject
Project("{FAE04EC0-301F-11D3-BF4B-00C04F79EFBC}") = "Webapi", "Webapi\Webapi.csproj", "{C6AB9C00-FC0E-4E46-B23A-AB2EAC241F43}"
EndProject
Global
	GlobalSection(SolutionConfigurationPlatforms) = preSolution
		Debug|Any CPU = Debug|Any CPU
		Release|Any CPU = Release|Any CPU
	EndGlobalSection
	GlobalSection(ProjectConfigurationPlatforms) = postSolution
		{89978B11-4E4A-4E46-A2C7-1AD46D463901}.Debug|Any CPU.ActiveCfg = Debug|Any CPU
		{89978B11-4E4A-4E46-A2C7-1AD46D463901}.Debug|Any CPU.Build.0 = Debug|Any CPU
		{89978B11-4E4A-4E46-A2C7-1AD46D463901}.Release|Any CPU.ActiveCfg = Release|Any CPU
		{89978B11-4E4A-4E46-A2C7-1AD46D463901}.Release|Any CPU.Build.0 = Release|Any CPU
		{C6AB9C00-FC0E-4E46-B23A-AB2EAC241F43}.Debug|Any CPU.ActiveCfg = Debug|Any CPU
		{C6AB9C00-FC0E-4E46-B23A-AB2EAC241F43}.Debug|Any CPU.Build.0 = Debug|Any CPU
		{C6AB9C00-FC0E-4E46-B23A-AB2EAC241F43}.Release|Any CPU.ActiveCfg = Release|Any CPU
		{C6AB9C00-FC0E-4E46-B23A-AB2EAC241F43}.Release|Any CPU.Build.0 = Release|Any CPU
	EndGlobalSection
	GlobalSection(SolutionProperties) = preSolution
		HideSolutionNode = FALSE
	EndGlobalSection
	GlobalSection(ExtensibilityGlobals) = postSolution
		SolutionGuid = {6A3ADA12-1B64-4A36-9786-7B7FD5212D15}
	EndGlobalSection
EndGlobal
